<?xml version="1.0" encoding="UTF-8"?>
<!DOCTYPE plist PUBLIC "-//Apple//DTD PLIST 1.0//EN" "http://www.apple.com/DTDs/PropertyList-1.0.dtd">
<plist version="1.0">
<dict>
	<key>archiveVersion</key>
	<string>1</string>
	<key>classes</key>
	<dict/>
	<key>objectVersion</key>
	<string>46</string>
	<key>objects</key>
	<dict>
		<key>00FD3A9D79D40864FC828263</key>
		<dict>
			<key>explicitFileType</key>
			<string>wrapper.framework</string>
			<key>includeInIndex</key>
			<string>0</string>
			<key>isa</key>
			<string>PBXFileReference</string>
			<key>path</key>
			<string>Pods.framework</string>
			<key>sourceTree</key>
			<string>BUILT_PRODUCTS_DIR</string>
		</dict>
		<key>1AE8B37CDE1451FCDA5AB854</key>
		<dict>
			<key>includeInIndex</key>
			<string>1</string>
			<key>isa</key>
			<string>PBXFileReference</string>
			<key>lastKnownFileType</key>
			<string>text.xcconfig</string>
			<key>name</key>
			<string>Pods-GooglePlaceTests.release.xcconfig</string>
			<key>path</key>
			<string>Pods/Target Support Files/Pods-GooglePlaceTests/Pods-GooglePlaceTests.release.xcconfig</string>
			<key>sourceTree</key>
			<string>&lt;group&gt;</string>
		</dict>
		<key>2490CC299D3E41E4A46F2A20</key>
		<dict>
			<key>buildActionMask</key>
			<string>2147483647</string>
			<key>files</key>
			<array/>
			<key>inputPaths</key>
			<array/>
			<key>isa</key>
			<string>PBXShellScriptBuildPhase</string>
			<key>name</key>
			<string>[CP] Check Pods Manifest.lock</string>
			<key>outputPaths</key>
			<array/>
			<key>runOnlyForDeploymentPostprocessing</key>
			<string>0</string>
			<key>shellPath</key>
			<string>/bin/sh</string>
			<key>shellScript</key>
			<string>diff "${PODS_ROOT}/../Podfile.lock" "${PODS_ROOT}/Manifest.lock" &gt; /dev/null
if [[ $? != 0 ]] ; then
    cat &lt;&lt; EOM
error: The sandbox is not in sync with the Podfile.lock. Run 'pod install' or update your CocoaPods installation.
EOM
    exit 1
fi
</string>
			<key>showEnvVarsInLog</key>
			<string>0</string>
		</dict>
		<key>5009EEE51D4EB117009D3417</key>
		<dict>
			<key>children</key>
			<array>
				<string>50B742641D163FCD0066C0DE</string>
				<string>5009EEF91D4EC468009D3417</string>
				<string>508E5E8C1D6984780056412A</string>
			</array>
			<key>isa</key>
			<string>PBXGroup</string>
			<key>name</key>
			<string>Assembly</string>
			<key>sourceTree</key>
			<string>&lt;group&gt;</string>
		</dict>
		<key>5009EEE61D4EB637009D3417</key>
		<dict>
			<key>fileEncoding</key>
			<string>4</string>
			<key>isa</key>
			<string>PBXFileReference</string>
			<key>lastKnownFileType</key>
			<string>sourcecode.swift</string>
			<key>name</key>
			<string>MainTabViewController.swift</string>
			<key>path</key>
			<string>UI/ViewControllers/Main/MainTabViewController.swift</string>
			<key>sourceTree</key>
			<string>&lt;group&gt;</string>
		</dict>
		<key>5009EEE71D4EB637009D3417</key>
		<dict>
			<key>fileRef</key>
			<string>5009EEE61D4EB637009D3417</string>
			<key>isa</key>
			<string>PBXBuildFile</string>
		</dict>
		<key>5009EEE81D4EB66E009D3417</key>
		<dict>
			<key>children</key>
			<array>
				<string>5009EEEA1D4EB695009D3417</string>
				<string>5009EEE91D4EB678009D3417</string>
			</array>
			<key>isa</key>
			<string>PBXGroup</string>
			<key>name</key>
			<string>UI</string>
			<key>sourceTree</key>
			<string>&lt;group&gt;</string>
		</dict>
		<key>5009EEE91D4EB678009D3417</key>
		<dict>
			<key>children</key>
			<array>
				<string>5009EEEB1D4EB6AF009D3417</string>
			</array>
			<key>isa</key>
			<string>PBXGroup</string>
			<key>name</key>
			<string>ViewControllers</string>
			<key>sourceTree</key>
			<string>&lt;group&gt;</string>
		</dict>
		<key>5009EEEA1D4EB695009D3417</key>
		<dict>
			<key>children</key>
			<array>
				<string>5009EEEC1D4EB84A009D3417</string>
				<string>5009EEEE1D4EB866009D3417</string>
			</array>
			<key>isa</key>
			<string>PBXGroup</string>
			<key>name</key>
			<string>Storyboards</string>
			<key>sourceTree</key>
			<string>&lt;group&gt;</string>
		</dict>
		<key>5009EEEB1D4EB6AF009D3417</key>
		<dict>
			<key>children</key>
			<array>
				<string>5009EEF11D4EB8A2009D3417</string>
				<string>5009EEF01D4EB897009D3417</string>
				<string>5009EEE61D4EB637009D3417</string>
			</array>
			<key>isa</key>
			<string>PBXGroup</string>
			<key>name</key>
			<string>Main</string>
			<key>sourceTree</key>
			<string>&lt;group&gt;</string>
		</dict>
		<key>5009EEEC1D4EB84A009D3417</key>
		<dict>
			<key>fileEncoding</key>
			<string>4</string>
			<key>isa</key>
			<string>PBXFileReference</string>
			<key>lastKnownFileType</key>
			<string>file.storyboard</string>
			<key>name</key>
			<string>Lists.storyboard</string>
			<key>path</key>
			<string>GooglePlace/UI/Lists.storyboard/Lists.storyboard</string>
			<key>sourceTree</key>
			<string>SOURCE_ROOT</string>
		</dict>
		<key>5009EEED1D4EB84A009D3417</key>
		<dict>
			<key>fileRef</key>
			<string>5009EEEC1D4EB84A009D3417</string>
			<key>isa</key>
			<string>PBXBuildFile</string>
		</dict>
		<key>5009EEEE1D4EB866009D3417</key>
		<dict>
			<key>fileEncoding</key>
			<string>4</string>
			<key>isa</key>
			<string>PBXFileReference</string>
			<key>lastKnownFileType</key>
			<string>file.storyboard</string>
			<key>name</key>
			<string>Settings.storyboard</string>
			<key>path</key>
			<string>GooglePlace/UI/Lists.storyboard/Settings.storyboard</string>
			<key>sourceTree</key>
			<string>SOURCE_ROOT</string>
		</dict>
		<key>5009EEEF1D4EB866009D3417</key>
		<dict>
			<key>fileRef</key>
			<string>5009EEEE1D4EB866009D3417</string>
			<key>isa</key>
			<string>PBXBuildFile</string>
		</dict>
		<key>5009EEF01D4EB897009D3417</key>
		<dict>
			<key>children</key>
			<array>
				<string>5009EEF41D4EB908009D3417</string>
			</array>
			<key>isa</key>
			<string>PBXGroup</string>
			<key>name</key>
			<string>Lists</string>
			<key>sourceTree</key>
			<string>&lt;group&gt;</string>
		</dict>
		<key>5009EEF11D4EB8A2009D3417</key>
		<dict>
			<key>children</key>
			<array>
				<string>5009EEF21D4EB8E3009D3417</string>
			</array>
			<key>isa</key>
			<string>PBXGroup</string>
			<key>name</key>
			<string>Settings</string>
			<key>sourceTree</key>
			<string>&lt;group&gt;</string>
		</dict>
		<key>5009EEF21D4EB8E3009D3417</key>
		<dict>
			<key>fileEncoding</key>
			<string>4</string>
			<key>isa</key>
			<string>PBXFileReference</string>
			<key>lastKnownFileType</key>
			<string>sourcecode.swift</string>
			<key>name</key>
			<string>SettingsTableViewController.swift</string>
			<key>path</key>
			<string>UI/ViewControllers/Main/Settings/SettingsTableViewController.swift</string>
			<key>sourceTree</key>
			<string>&lt;group&gt;</string>
		</dict>
		<key>5009EEF31D4EB8E3009D3417</key>
		<dict>
			<key>fileRef</key>
			<string>5009EEF21D4EB8E3009D3417</string>
			<key>isa</key>
			<string>PBXBuildFile</string>
		</dict>
		<key>5009EEF41D4EB908009D3417</key>
		<dict>
			<key>fileEncoding</key>
			<string>4</string>
			<key>isa</key>
			<string>PBXFileReference</string>
			<key>lastKnownFileType</key>
			<string>sourcecode.swift</string>
			<key>name</key>
			<string>ListsViewController.swift</string>
			<key>path</key>
			<string>UI/ViewControllers/Main/Lists/ListsViewController.swift</string>
			<key>sourceTree</key>
			<string>&lt;group&gt;</string>
		</dict>
		<key>5009EEF51D4EB908009D3417</key>
		<dict>
			<key>fileRef</key>
			<string>5009EEF41D4EB908009D3417</string>
			<key>isa</key>
			<string>PBXBuildFile</string>
		</dict>
		<key>5009EEF71D4EC3BD009D3417</key>
		<dict>
			<key>fileEncoding</key>
			<string>4</string>
			<key>isa</key>
			<string>PBXFileReference</string>
			<key>lastKnownFileType</key>
			<string>sourcecode.swift</string>
			<key>name</key>
			<string>LogManager.swift</string>
			<key>path</key>
			<string>Managers/LogManager.swift</string>
			<key>sourceTree</key>
			<string>&lt;group&gt;</string>
		</dict>
		<key>5009EEF81D4EC3BD009D3417</key>
		<dict>
			<key>fileRef</key>
			<string>5009EEF71D4EC3BD009D3417</string>
			<key>isa</key>
			<string>PBXBuildFile</string>
		</dict>
		<key>5009EEF91D4EC468009D3417</key>
		<dict>
			<key>fileEncoding</key>
			<string>4</string>
			<key>isa</key>
			<string>PBXFileReference</string>
			<key>lastKnownFileType</key>
			<string>sourcecode.swift</string>
			<key>name</key>
			<string>ManagerAssembly.swift</string>
			<key>path</key>
			<string>Assembly/ManagerAssembly.swift</string>
			<key>sourceTree</key>
			<string>&lt;group&gt;</string>
		</dict>
		<key>5009EEFA1D4EC468009D3417</key>
		<dict>
			<key>fileRef</key>
			<string>5009EEF91D4EC468009D3417</string>
			<key>isa</key>
			<string>PBXBuildFile</string>
		</dict>
		<key>5009EEFB1D4EC565009D3417</key>
		<dict>
			<key>children</key>
			<array>
				<string>5009EEF71D4EC3BD009D3417</string>
			</array>
			<key>isa</key>
			<string>PBXGroup</string>
			<key>name</key>
			<string>Managers</string>
			<key>sourceTree</key>
			<string>&lt;group&gt;</string>
		</dict>
		<key>5009EEFC1D4EC95D009D3417</key>
		<dict>
			<key>fileEncoding</key>
			<string>4</string>
			<key>isa</key>
			<string>PBXFileReference</string>
			<key>lastKnownFileType</key>
			<string>sourcecode.swift</string>
			<key>path</key>
			<string>iOS8CompatibleTabReferenceSegue.swift</string>
			<key>sourceTree</key>
			<string>&lt;group&gt;</string>
		</dict>
		<key>5009EEFD1D4EC95D009D3417</key>
		<dict>
			<key>fileRef</key>
			<string>5009EEFC1D4EC95D009D3417</string>
			<key>isa</key>
			<string>PBXBuildFile</string>
		</dict>
		<key>5051759C1D89CF7F00D05FCD</key>
		<dict>
			<key>isa</key>
			<string>PBXFileReference</string>
			<key>lastKnownFileType</key>
			<string>wrapper.framework</string>
			<key>name</key>
			<string>Pods.framework</string>
			<key>path</key>
			<string>Pods/../build/Debug-iphoneos/Pods.framework</string>
			<key>sourceTree</key>
			<string>&lt;group&gt;</string>
		</dict>
		<key>505710141D89CF13000DD508</key>
		<dict>
			<key>isa</key>
			<string>PBXFileReference</string>
			<key>lastKnownFileType</key>
			<string>wrapper.framework</string>
			<key>name</key>
			<string>SystemConfiguration.framework</string>
			<key>path</key>
			<string>System/Library/Frameworks/SystemConfiguration.framework</string>
			<key>sourceTree</key>
			<string>SDKROOT</string>
		</dict>
		<key>505710151D89CF13000DD508</key>
		<dict>
			<key>fileRef</key>
			<string>505710141D89CF13000DD508</string>
			<key>isa</key>
			<string>PBXBuildFile</string>
		</dict>
		<key>505710161D89CF19000DD508</key>
		<dict>
			<key>isa</key>
			<string>PBXFileReference</string>
			<key>lastKnownFileType</key>
			<string>wrapper.framework</string>
			<key>name</key>
			<string>MobileCoreServices.framework</string>
			<key>path</key>
			<string>System/Library/Frameworks/MobileCoreServices.framework</string>
			<key>sourceTree</key>
			<string>SDKROOT</string>
		</dict>
		<key>505710171D89CF19000DD508</key>
		<dict>
			<key>fileRef</key>
			<string>505710161D89CF19000DD508</string>
			<key>isa</key>
			<string>PBXBuildFile</string>
		</dict>
		<key>508E5E881D697D520056412A</key>
		<dict>
			<key>fileEncoding</key>
			<string>4</string>
			<key>isa</key>
			<string>PBXFileReference</string>
			<key>lastKnownFileType</key>
			<string>sourcecode.swift</string>
			<key>name</key>
			<string>GooglePlaceService.swift</string>
			<key>path</key>
			<string>Services/GooglePlaceService.swift</string>
			<key>sourceTree</key>
			<string>&lt;group&gt;</string>
		</dict>
		<key>508E5E891D697D520056412A</key>
		<dict>
			<key>fileRef</key>
			<string>508E5E881D697D520056412A</string>
			<key>isa</key>
			<string>PBXBuildFile</string>
		</dict>
		<key>508E5E8A1D697D520056412A</key>
		<dict>
			<key>fileRef</key>
			<string>508E5E881D697D520056412A</string>
			<key>isa</key>
			<string>PBXBuildFile</string>
		</dict>
		<key>508E5E8B1D697D5E0056412A</key>
		<dict>
			<key>children</key>
			<array>
				<string>508E5E881D697D520056412A</string>
			</array>
			<key>isa</key>
			<string>PBXGroup</string>
			<key>name</key>
			<string>Services</string>
			<key>sourceTree</key>
			<string>&lt;group&gt;</string>
		</dict>
		<key>508E5E8C1D6984780056412A</key>
		<dict>
			<key>fileEncoding</key>
			<string>4</string>
			<key>isa</key>
			<string>PBXFileReference</string>
			<key>lastKnownFileType</key>
			<string>sourcecode.swift</string>
			<key>name</key>
			<string>ServiceAssembly.swift</string>
			<key>path</key>
			<string>Assembly/ServiceAssembly.swift</string>
			<key>sourceTree</key>
			<string>&lt;group&gt;</string>
		</dict>
		<key>508E5E8D1D6984780056412A</key>
		<dict>
			<key>fileRef</key>
			<string>508E5E8C1D6984780056412A</string>
			<key>isa</key>
			<string>PBXBuildFile</string>
		</dict>
		<key>508E5E8E1D6984780056412A</key>
		<dict>
			<key>fileRef</key>
			<string>508E5E8C1D6984780056412A</string>
			<key>isa</key>
			<string>PBXBuildFile</string>
		</dict>
		<key>508E5E8F1D6A15F10056412A</key>
		<dict>
			<key>fileEncoding</key>
			<string>4</string>
			<key>isa</key>
			<string>PBXFileReference</string>
			<key>lastKnownFileType</key>
			<string>sourcecode.swift</string>
			<key>path</key>
			<string>GooglePlaceTestService.swift</string>
			<key>sourceTree</key>
			<string>&lt;group&gt;</string>
		</dict>
		<key>508E5E901D6A15F10056412A</key>
		<dict>
			<key>fileRef</key>
			<string>508E5E8F1D6A15F10056412A</string>
			<key>isa</key>
			<string>PBXBuildFile</string>
		</dict>
		<key>508E5E911D6A15F10056412A</key>
		<dict>
			<key>fileRef</key>
			<string>508E5E8F1D6A15F10056412A</string>
			<key>isa</key>
			<string>PBXBuildFile</string>
		</dict>
		<key>508E5E921D6A21EC0056412A</key>
		<dict>
			<key>fileEncoding</key>
			<string>4</string>
			<key>isa</key>
			<string>PBXFileReference</string>
			<key>lastKnownFileType</key>
			<string>text.json</string>
			<key>name</key>
			<string>NearbySearchResult.json</string>
			<key>path</key>
			<string>DataSamples/NearbySearchResult.json</string>
			<key>sourceTree</key>
			<string>&lt;group&gt;</string>
		</dict>
		<key>508E5E931D6A21EC0056412A</key>
		<dict>
			<key>fileRef</key>
			<string>508E5E921D6A21EC0056412A</string>
			<key>isa</key>
			<string>PBXBuildFile</string>
		</dict>
		<key>508E5E941D6A21EC0056412A</key>
		<dict>
			<key>fileRef</key>
			<string>508E5E921D6A21EC0056412A</string>
			<key>isa</key>
			<string>PBXBuildFile</string>
		</dict>
		<key>508E5E971D6A27470056412A</key>
		<dict>
			<key>children</key>
			<array>
				<string>508E5E981D6A27540056412A</string>
				<string>508E5E9A1D6A27F10056412A</string>
			</array>
			<key>isa</key>
			<string>PBXGroup</string>
			<key>name</key>
			<string>Utils</string>
			<key>sourceTree</key>
			<string>&lt;group&gt;</string>
		</dict>
		<key>508E5E981D6A27540056412A</key>
		<dict>
			<key>fileEncoding</key>
			<string>4</string>
			<key>isa</key>
			<string>PBXFileReference</string>
			<key>lastKnownFileType</key>
			<string>sourcecode.swift</string>
			<key>name</key>
			<string>GeneralExtensions.swift</string>
			<key>path</key>
			<string>Utils/GeneralExtensions.swift</string>
			<key>sourceTree</key>
			<string>&lt;group&gt;</string>
		</dict>
		<key>508E5E991D6A27540056412A</key>
		<dict>
			<key>fileRef</key>
			<string>508E5E981D6A27540056412A</string>
			<key>isa</key>
			<string>PBXBuildFile</string>
		</dict>
		<key>508E5E9A1D6A27F10056412A</key>
		<dict>
			<key>fileEncoding</key>
			<string>4</string>
			<key>isa</key>
			<string>PBXFileReference</string>
			<key>lastKnownFileType</key>
			<string>sourcecode.swift</string>
			<key>path</key>
			<string>PodExtensions.swift</string>
			<key>sourceTree</key>
			<string>&lt;group&gt;</string>
		</dict>
		<key>508E5E9B1D6A27F10056412A</key>
		<dict>
			<key>fileRef</key>
			<string>508E5E9A1D6A27F10056412A</string>
			<key>isa</key>
			<string>PBXBuildFile</string>
		</dict>
		<key>5093520E1D15B059003282BB</key>
		<dict>
			<key>children</key>
			<array>
				<string>509352191D15B059003282BB</string>
				<string>5093522E1D15B059003282BB</string>
				<string>509352391D15B059003282BB</string>
				<string>509352181D15B059003282BB</string>
				<string>A5A0B9F744501EC3F93B1F7A</string>
				<string>5730B0C4062B07EF4BD45205</string>
			</array>
			<key>isa</key>
			<string>PBXGroup</string>
			<key>sourceTree</key>
			<string>&lt;group&gt;</string>
		</dict>
		<key>5093520F1D15B059003282BB</key>
		<dict>
			<key>attributes</key>
			<dict>
				<key>LastSwiftUpdateCheck</key>
				<string>0730</string>
				<key>LastUpgradeCheck</key>
				<string>0730</string>
				<key>ORGANIZATIONNAME</key>
				<string>MAX</string>
				<key>TargetAttributes</key>
				<dict>
					<key>509352161D15B059003282BB</key>
					<dict>
						<key>CreatedOnToolsVersion</key>
						<string>7.3.1</string>
						<key>DevelopmentTeam</key>
						<string>9MKJC68VMT</string>
						<key>DevelopmentTeamName</key>
						<string>Sida Wang</string>
						<key>LastSwiftMigration</key>
						<string>0800</string>
					</dict>
					<key>5093522A1D15B059003282BB</key>
					<dict>
						<key>CreatedOnToolsVersion</key>
						<string>7.3.1</string>
						<key>LastSwiftMigration</key>
						<string>0800</string>
						<key>TestTargetID</key>
						<string>509352161D15B059003282BB</string>
					</dict>
					<key>509352351D15B059003282BB</key>
					<dict>
						<key>CreatedOnToolsVersion</key>
						<string>7.3.1</string>
						<key>LastSwiftMigration</key>
						<string>0800</string>
						<key>TestTargetID</key>
						<string>509352161D15B059003282BB</string>
					</dict>
				</dict>
			</dict>
			<key>buildConfigurationList</key>
			<string>509352121D15B059003282BB</string>
			<key>compatibilityVersion</key>
			<string>Xcode 3.2</string>
			<key>developmentRegion</key>
			<string>English</string>
			<key>hasScannedForEncodings</key>
			<string>0</string>
			<key>isa</key>
			<string>PBXProject</string>
			<key>knownRegions</key>
			<array>
				<string>en</string>
				<string>Base</string>
			</array>
			<key>mainGroup</key>
			<string>5093520E1D15B059003282BB</string>
			<key>productRefGroup</key>
			<string>509352181D15B059003282BB</string>
			<key>projectDirPath</key>
			<string></string>
			<key>projectReferences</key>
			<array/>
			<key>projectRoot</key>
			<string></string>
			<key>targets</key>
			<array>
				<string>509352161D15B059003282BB</string>
				<string>5093522A1D15B059003282BB</string>
				<string>509352351D15B059003282BB</string>
			</array>
		</dict>
		<key>509352121D15B059003282BB</key>
		<dict>
			<key>buildConfigurations</key>
			<array>
				<string>5093523D1D15B059003282BB</string>
				<string>5093523E1D15B059003282BB</string>
			</array>
			<key>defaultConfigurationIsVisible</key>
			<string>0</string>
			<key>defaultConfigurationName</key>
			<string>Release</string>
			<key>isa</key>
			<string>XCConfigurationList</string>
		</dict>
		<key>509352131D15B059003282BB</key>
		<dict>
			<key>buildActionMask</key>
			<string>2147483647</string>
			<key>files</key>
			<array>
				<string>5009EEF81D4EC3BD009D3417</string>
				<string>5009EEE71D4EB637009D3417</string>
				<string>50B742651D163FCD0066C0DE</string>
				<string>5009EEF31D4EB8E3009D3417</string>
				<string>5009EEFD1D4EC95D009D3417</string>
				<string>508E5E901D6A15F10056412A</string>
				<string>508E5E891D697D520056412A</string>
				<string>508E5E991D6A27540056412A</string>
				<string>50B742631D16386B0066C0DE</string>
				<string>5093521B1D15B059003282BB</string>
				<string>508E5E8D1D6984780056412A</string>
				<string>508E5E9B1D6A27F10056412A</string>
				<string>5009EEF51D4EB908009D3417</string>
				<string>5009EEFA1D4EC468009D3417</string>
			</array>
			<key>isa</key>
			<string>PBXSourcesBuildPhase</string>
			<key>runOnlyForDeploymentPostprocessing</key>
			<string>0</string>
		</dict>
		<key>509352141D15B059003282BB</key>
		<dict>
			<key>buildActionMask</key>
			<string>2147483647</string>
			<key>files</key>
			<array>
				<string>505710171D89CF19000DD508</string>
				<string>505710151D89CF13000DD508</string>
				<string>6C60A1FAAA64E586642E356B</string>
			</array>
			<key>isa</key>
			<string>PBXFrameworksBuildPhase</string>
			<key>runOnlyForDeploymentPostprocessing</key>
			<string>0</string>
		</dict>
		<key>509352151D15B059003282BB</key>
		<dict>
			<key>buildActionMask</key>
			<string>2147483647</string>
			<key>files</key>
			<array>
				<string>509352251D15B059003282BB</string>
				<string>5009EEED1D4EB84A009D3417</string>
				<string>50B742611D1638180066C0DE</string>
				<string>508E5E931D6A21EC0056412A</string>
				<string>5009EEEF1D4EB866009D3417</string>
				<string>509352221D15B059003282BB</string>
				<string>509352201D15B059003282BB</string>
			</array>
			<key>isa</key>
			<string>PBXResourcesBuildPhase</string>
			<key>runOnlyForDeploymentPostprocessing</key>
			<string>0</string>
		</dict>
		<key>509352161D15B059003282BB</key>
		<dict>
			<key>buildConfigurationList</key>
			<string>5093523F1D15B059003282BB</string>
			<key>buildPhases</key>
			<array>
				<string>2490CC299D3E41E4A46F2A20</string>
				<string>509352131D15B059003282BB</string>
				<string>509352141D15B059003282BB</string>
				<string>509352151D15B059003282BB</string>
				<string>8327BDDB9844D81C79C8110F</string>
				<string>578CF5AFACD99C7E84DE199D</string>
			</array>
			<key>buildRules</key>
			<array/>
			<key>dependencies</key>
			<array/>
			<key>isa</key>
			<string>PBXNativeTarget</string>
			<key>name</key>
			<string>GooglePlace</string>
			<key>productName</key>
			<string>GooglePlace</string>
			<key>productReference</key>
			<string>509352171D15B059003282BB</string>
			<key>productType</key>
			<string>com.apple.product-type.application</string>
		</dict>
		<key>509352171D15B059003282BB</key>
		<dict>
			<key>explicitFileType</key>
			<string>wrapper.application</string>
			<key>includeInIndex</key>
			<string>0</string>
			<key>isa</key>
			<string>PBXFileReference</string>
			<key>path</key>
			<string>GooglePlace.app</string>
			<key>sourceTree</key>
			<string>BUILT_PRODUCTS_DIR</string>
		</dict>
		<key>509352181D15B059003282BB</key>
		<dict>
			<key>children</key>
			<array>
				<string>509352171D15B059003282BB</string>
				<string>5093522B1D15B059003282BB</string>
				<string>509352361D15B059003282BB</string>
			</array>
			<key>isa</key>
			<string>PBXGroup</string>
			<key>name</key>
			<string>Products</string>
			<key>sourceTree</key>
			<string>&lt;group&gt;</string>
		</dict>
		<key>509352191D15B059003282BB</key>
		<dict>
			<key>children</key>
			<array>
				<string>508E5E971D6A27470056412A</string>
				<string>508E5E8B1D697D5E0056412A</string>
				<string>5009EEFB1D4EC565009D3417</string>
				<string>5009EEE81D4EB66E009D3417</string>
				<string>5009EEE51D4EB117009D3417</string>
				<string>50B742601D1638180066C0DE</string>
				<string>5009EEFC1D4EC95D009D3417</string>
				<string>5093521E1D15B059003282BB</string>
				<string>5093521A1D15B059003282BB</string>
				<string>509352211D15B059003282BB</string>
				<string>509352231D15B059003282BB</string>
				<string>509352261D15B059003282BB</string>
				<string>50B742621D16386B0066C0DE</string>
			</array>
			<key>isa</key>
			<string>PBXGroup</string>
			<key>path</key>
			<string>GooglePlace</string>
			<key>sourceTree</key>
			<string>&lt;group&gt;</string>
		</dict>
		<key>5093521A1D15B059003282BB</key>
		<dict>
			<key>isa</key>
			<string>PBXFileReference</string>
			<key>lastKnownFileType</key>
			<string>sourcecode.swift</string>
			<key>path</key>
			<string>AppDelegate.swift</string>
			<key>sourceTree</key>
			<string>&lt;group&gt;</string>
		</dict>
		<key>5093521B1D15B059003282BB</key>
		<dict>
			<key>fileRef</key>
			<string>5093521A1D15B059003282BB</string>
			<key>isa</key>
			<string>PBXBuildFile</string>
		</dict>
		<key>5093521E1D15B059003282BB</key>
		<dict>
			<key>children</key>
			<array>
				<string>5093521F1D15B059003282BB</string>
			</array>
			<key>isa</key>
			<string>PBXVariantGroup</string>
			<key>name</key>
			<string>Main.storyboard</string>
			<key>sourceTree</key>
			<string>&lt;group&gt;</string>
		</dict>
		<key>5093521F1D15B059003282BB</key>
		<dict>
			<key>isa</key>
			<string>PBXFileReference</string>
			<key>lastKnownFileType</key>
			<string>file.storyboard</string>
			<key>name</key>
			<string>Base</string>
			<key>path</key>
			<string>Base.lproj/Main.storyboard</string>
			<key>sourceTree</key>
			<string>&lt;group&gt;</string>
		</dict>
		<key>509352201D15B059003282BB</key>
		<dict>
			<key>fileRef</key>
			<string>5093521E1D15B059003282BB</string>
			<key>isa</key>
			<string>PBXBuildFile</string>
		</dict>
		<key>509352211D15B059003282BB</key>
		<dict>
			<key>isa</key>
			<string>PBXFileReference</string>
			<key>lastKnownFileType</key>
			<string>folder.assetcatalog</string>
			<key>path</key>
			<string>Assets.xcassets</string>
			<key>sourceTree</key>
			<string>&lt;group&gt;</string>
		</dict>
		<key>509352221D15B059003282BB</key>
		<dict>
			<key>fileRef</key>
			<string>509352211D15B059003282BB</string>
			<key>isa</key>
			<string>PBXBuildFile</string>
		</dict>
		<key>509352231D15B059003282BB</key>
		<dict>
			<key>children</key>
			<array>
				<string>509352241D15B059003282BB</string>
			</array>
			<key>isa</key>
			<string>PBXVariantGroup</string>
			<key>name</key>
			<string>LaunchScreen.storyboard</string>
			<key>sourceTree</key>
			<string>&lt;group&gt;</string>
		</dict>
		<key>509352241D15B059003282BB</key>
		<dict>
			<key>isa</key>
			<string>PBXFileReference</string>
			<key>lastKnownFileType</key>
			<string>file.storyboard</string>
			<key>name</key>
			<string>Base</string>
			<key>path</key>
			<string>Base.lproj/LaunchScreen.storyboard</string>
			<key>sourceTree</key>
			<string>&lt;group&gt;</string>
		</dict>
		<key>509352251D15B059003282BB</key>
		<dict>
			<key>fileRef</key>
			<string>509352231D15B059003282BB</string>
			<key>isa</key>
			<string>PBXBuildFile</string>
		</dict>
		<key>509352261D15B059003282BB</key>
		<dict>
			<key>isa</key>
			<string>PBXFileReference</string>
			<key>lastKnownFileType</key>
			<string>text.plist.xml</string>
			<key>path</key>
			<string>Info.plist</string>
			<key>sourceTree</key>
			<string>&lt;group&gt;</string>
		</dict>
		<key>509352271D15B059003282BB</key>
		<dict>
			<key>buildActionMask</key>
			<string>2147483647</string>
			<key>files</key>
			<array>
				<string>508E5E8E1D6984780056412A</string>
				<string>508E5E911D6A15F10056412A</string>
				<string>508E5E8A1D697D520056412A</string>
				<string>509352301D15B059003282BB</string>
			</array>
			<key>isa</key>
			<string>PBXSourcesBuildPhase</string>
			<key>runOnlyForDeploymentPostprocessing</key>
			<string>0</string>
		</dict>
		<key>509352281D15B059003282BB</key>
		<dict>
			<key>buildActionMask</key>
			<string>2147483647</string>
			<key>files</key>
			<array>
				<string>E0AD44EEAE2439CEEC525835</string>
			</array>
			<key>isa</key>
			<string>PBXFrameworksBuildPhase</string>
			<key>runOnlyForDeploymentPostprocessing</key>
			<string>0</string>
		</dict>
		<key>509352291D15B059003282BB</key>
		<dict>
			<key>buildActionMask</key>
			<string>2147483647</string>
			<key>files</key>
			<array>
				<string>508E5E941D6A21EC0056412A</string>
			</array>
			<key>isa</key>
			<string>PBXResourcesBuildPhase</string>
			<key>runOnlyForDeploymentPostprocessing</key>
			<string>0</string>
		</dict>
		<key>5093522A1D15B059003282BB</key>
		<dict>
			<key>buildConfigurationList</key>
			<string>509352421D15B059003282BB</string>
			<key>buildPhases</key>
			<array>
				<string>580411B93E6155A3D2902238</string>
				<string>509352271D15B059003282BB</string>
				<string>509352281D15B059003282BB</string>
				<string>509352291D15B059003282BB</string>
				<string>655C6BC6DBF58BF7D023A0F0</string>
				<string>FB87A0474A0B6FB7D751C013</string>
			</array>
			<key>buildRules</key>
			<array/>
			<key>dependencies</key>
			<array>
				<string>5093522D1D15B059003282BB</string>
			</array>
			<key>isa</key>
			<string>PBXNativeTarget</string>
			<key>name</key>
			<string>GooglePlaceTests</string>
			<key>productName</key>
			<string>GooglePlaceTests</string>
			<key>productReference</key>
			<string>5093522B1D15B059003282BB</string>
			<key>productType</key>
			<string>com.apple.product-type.bundle.unit-test</string>
		</dict>
		<key>5093522B1D15B059003282BB</key>
		<dict>
			<key>explicitFileType</key>
			<string>wrapper.cfbundle</string>
			<key>includeInIndex</key>
			<string>0</string>
			<key>isa</key>
			<string>PBXFileReference</string>
			<key>path</key>
			<string>GooglePlaceTests.xctest</string>
			<key>sourceTree</key>
			<string>BUILT_PRODUCTS_DIR</string>
		</dict>
		<key>5093522C1D15B059003282BB</key>
		<dict>
			<key>containerPortal</key>
			<string>5093520F1D15B059003282BB</string>
			<key>isa</key>
			<string>PBXContainerItemProxy</string>
			<key>proxyType</key>
			<string>1</string>
			<key>remoteGlobalIDString</key>
			<string>509352161D15B059003282BB</string>
			<key>remoteInfo</key>
			<string>GooglePlace</string>
		</dict>
		<key>5093522D1D15B059003282BB</key>
		<dict>
			<key>isa</key>
			<string>PBXTargetDependency</string>
			<key>target</key>
			<string>509352161D15B059003282BB</string>
			<key>targetProxy</key>
			<string>5093522C1D15B059003282BB</string>
		</dict>
		<key>5093522E1D15B059003282BB</key>
		<dict>
			<key>children</key>
			<array>
				<string>508E5E8F1D6A15F10056412A</string>
				<string>5093522F1D15B059003282BB</string>
				<string>509352311D15B059003282BB</string>
				<string>508E5E921D6A21EC0056412A</string>
			</array>
			<key>isa</key>
			<string>PBXGroup</string>
			<key>path</key>
			<string>GooglePlaceTests</string>
			<key>sourceTree</key>
			<string>&lt;group&gt;</string>
		</dict>
		<key>5093522F1D15B059003282BB</key>
		<dict>
			<key>isa</key>
			<string>PBXFileReference</string>
			<key>lastKnownFileType</key>
			<string>sourcecode.swift</string>
			<key>path</key>
			<string>GooglePlaceTests.swift</string>
			<key>sourceTree</key>
			<string>&lt;group&gt;</string>
		</dict>
		<key>509352301D15B059003282BB</key>
		<dict>
			<key>fileRef</key>
			<string>5093522F1D15B059003282BB</string>
			<key>isa</key>
			<string>PBXBuildFile</string>
		</dict>
		<key>509352311D15B059003282BB</key>
		<dict>
			<key>isa</key>
			<string>PBXFileReference</string>
			<key>lastKnownFileType</key>
			<string>text.plist.xml</string>
			<key>path</key>
			<string>Info.plist</string>
			<key>sourceTree</key>
			<string>&lt;group&gt;</string>
		</dict>
		<key>509352321D15B059003282BB</key>
		<dict>
			<key>buildActionMask</key>
			<string>2147483647</string>
			<key>files</key>
			<array>
				<string>5093523B1D15B059003282BB</string>
			</array>
			<key>isa</key>
			<string>PBXSourcesBuildPhase</string>
			<key>runOnlyForDeploymentPostprocessing</key>
			<string>0</string>
		</dict>
		<key>509352331D15B059003282BB</key>
		<dict>
			<key>buildActionMask</key>
			<string>2147483647</string>
			<key>files</key>
			<array/>
			<key>isa</key>
			<string>PBXFrameworksBuildPhase</string>
			<key>runOnlyForDeploymentPostprocessing</key>
			<string>0</string>
		</dict>
		<key>509352341D15B059003282BB</key>
		<dict>
			<key>buildActionMask</key>
			<string>2147483647</string>
			<key>files</key>
			<array/>
			<key>isa</key>
			<string>PBXResourcesBuildPhase</string>
			<key>runOnlyForDeploymentPostprocessing</key>
			<string>0</string>
		</dict>
		<key>509352351D15B059003282BB</key>
		<dict>
			<key>buildConfigurationList</key>
			<string>509352451D15B059003282BB</string>
			<key>buildPhases</key>
			<array>
				<string>509352321D15B059003282BB</string>
				<string>509352331D15B059003282BB</string>
				<string>509352341D15B059003282BB</string>
			</array>
			<key>buildRules</key>
			<array/>
			<key>dependencies</key>
			<array>
				<string>509352381D15B059003282BB</string>
			</array>
			<key>isa</key>
			<string>PBXNativeTarget</string>
			<key>name</key>
			<string>GooglePlaceUITests</string>
			<key>productName</key>
			<string>GooglePlaceUITests</string>
			<key>productReference</key>
			<string>509352361D15B059003282BB</string>
			<key>productType</key>
			<string>com.apple.product-type.bundle.ui-testing</string>
		</dict>
		<key>509352361D15B059003282BB</key>
		<dict>
			<key>explicitFileType</key>
			<string>wrapper.cfbundle</string>
			<key>includeInIndex</key>
			<string>0</string>
			<key>isa</key>
			<string>PBXFileReference</string>
			<key>path</key>
			<string>GooglePlaceUITests.xctest</string>
			<key>sourceTree</key>
			<string>BUILT_PRODUCTS_DIR</string>
		</dict>
		<key>509352371D15B059003282BB</key>
		<dict>
			<key>containerPortal</key>
			<string>5093520F1D15B059003282BB</string>
			<key>isa</key>
			<string>PBXContainerItemProxy</string>
			<key>proxyType</key>
			<string>1</string>
			<key>remoteGlobalIDString</key>
			<string>509352161D15B059003282BB</string>
			<key>remoteInfo</key>
			<string>GooglePlace</string>
		</dict>
		<key>509352381D15B059003282BB</key>
		<dict>
			<key>isa</key>
			<string>PBXTargetDependency</string>
			<key>target</key>
			<string>509352161D15B059003282BB</string>
			<key>targetProxy</key>
			<string>509352371D15B059003282BB</string>
		</dict>
		<key>509352391D15B059003282BB</key>
		<dict>
			<key>children</key>
			<array>
				<string>5093523A1D15B059003282BB</string>
				<string>5093523C1D15B059003282BB</string>
			</array>
			<key>isa</key>
			<string>PBXGroup</string>
			<key>path</key>
			<string>GooglePlaceUITests</string>
			<key>sourceTree</key>
			<string>&lt;group&gt;</string>
		</dict>
		<key>5093523A1D15B059003282BB</key>
		<dict>
			<key>isa</key>
			<string>PBXFileReference</string>
			<key>lastKnownFileType</key>
			<string>sourcecode.swift</string>
			<key>path</key>
			<string>GooglePlaceUITests.swift</string>
			<key>sourceTree</key>
			<string>&lt;group&gt;</string>
		</dict>
		<key>5093523B1D15B059003282BB</key>
		<dict>
			<key>fileRef</key>
			<string>5093523A1D15B059003282BB</string>
			<key>isa</key>
			<string>PBXBuildFile</string>
		</dict>
		<key>5093523C1D15B059003282BB</key>
		<dict>
			<key>isa</key>
			<string>PBXFileReference</string>
			<key>lastKnownFileType</key>
			<string>text.plist.xml</string>
			<key>path</key>
			<string>Info.plist</string>
			<key>sourceTree</key>
			<string>&lt;group&gt;</string>
		</dict>
		<key>5093523D1D15B059003282BB</key>
		<dict>
			<key>buildSettings</key>
			<dict>
				<key>ALWAYS_SEARCH_USER_PATHS</key>
				<string>NO</string>
				<key>CLANG_ANALYZER_NONNULL</key>
				<string>YES</string>
				<key>CLANG_CXX_LANGUAGE_STANDARD</key>
				<string>gnu++0x</string>
				<key>CLANG_CXX_LIBRARY</key>
				<string>libc++</string>
				<key>CLANG_ENABLE_MODULES</key>
				<string>YES</string>
				<key>CLANG_ENABLE_OBJC_ARC</key>
				<string>YES</string>
				<key>CLANG_WARN_BOOL_CONVERSION</key>
				<string>YES</string>
				<key>CLANG_WARN_CONSTANT_CONVERSION</key>
				<string>YES</string>
				<key>CLANG_WARN_DIRECT_OBJC_ISA_USAGE</key>
				<string>YES_ERROR</string>
				<key>CLANG_WARN_EMPTY_BODY</key>
				<string>YES</string>
				<key>CLANG_WARN_ENUM_CONVERSION</key>
				<string>YES</string>
				<key>CLANG_WARN_INT_CONVERSION</key>
				<string>YES</string>
				<key>CLANG_WARN_OBJC_ROOT_CLASS</key>
				<string>YES_ERROR</string>
				<key>CLANG_WARN_UNREACHABLE_CODE</key>
				<string>YES</string>
				<key>CLANG_WARN__DUPLICATE_METHOD_MATCH</key>
				<string>YES</string>
				<key>CODE_SIGN_IDENTITY[sdk=iphoneos*]</key>
				<string>iPhone Developer</string>
				<key>COPY_PHASE_STRIP</key>
				<string>NO</string>
				<key>DEBUG_INFORMATION_FORMAT</key>
				<string>dwarf</string>
				<key>ENABLE_STRICT_OBJC_MSGSEND</key>
				<string>YES</string>
				<key>ENABLE_TESTABILITY</key>
				<string>YES</string>
				<key>GCC_C_LANGUAGE_STANDARD</key>
				<string>gnu99</string>
				<key>GCC_DYNAMIC_NO_PIC</key>
				<string>NO</string>
				<key>GCC_NO_COMMON_BLOCKS</key>
				<string>YES</string>
				<key>GCC_OPTIMIZATION_LEVEL</key>
				<string>0</string>
				<key>GCC_PREPROCESSOR_DEFINITIONS</key>
				<array>
					<string>DEBUG=1</string>
					<string>$(inherited)</string>
				</array>
				<key>GCC_WARN_64_TO_32_BIT_CONVERSION</key>
				<string>YES</string>
				<key>GCC_WARN_ABOUT_RETURN_TYPE</key>
				<string>YES_ERROR</string>
				<key>GCC_WARN_UNDECLARED_SELECTOR</key>
				<string>YES</string>
				<key>GCC_WARN_UNINITIALIZED_AUTOS</key>
				<string>YES_AGGRESSIVE</string>
				<key>GCC_WARN_UNUSED_FUNCTION</key>
				<string>YES</string>
				<key>GCC_WARN_UNUSED_VARIABLE</key>
				<string>YES</string>
				<key>IPHONEOS_DEPLOYMENT_TARGET</key>
				<string>9.3</string>
				<key>MTL_ENABLE_DEBUG_INFO</key>
				<string>YES</string>
				<key>ONLY_ACTIVE_ARCH</key>
				<string>YES</string>
				<key>SDKROOT</key>
				<string>iphoneos</string>
				<key>SWIFT_OPTIMIZATION_LEVEL</key>
				<string>-Onone</string>
				<key>TARGETED_DEVICE_FAMILY</key>
				<string>1,2</string>
			</dict>
			<key>isa</key>
			<string>XCBuildConfiguration</string>
			<key>name</key>
			<string>Debug</string>
		</dict>
		<key>5093523E1D15B059003282BB</key>
		<dict>
			<key>buildSettings</key>
			<dict>
				<key>ALWAYS_SEARCH_USER_PATHS</key>
				<string>NO</string>
				<key>CLANG_ANALYZER_NONNULL</key>
				<string>YES</string>
				<key>CLANG_CXX_LANGUAGE_STANDARD</key>
				<string>gnu++0x</string>
				<key>CLANG_CXX_LIBRARY</key>
				<string>libc++</string>
				<key>CLANG_ENABLE_MODULES</key>
				<string>YES</string>
				<key>CLANG_ENABLE_OBJC_ARC</key>
				<string>YES</string>
				<key>CLANG_WARN_BOOL_CONVERSION</key>
				<string>YES</string>
				<key>CLANG_WARN_CONSTANT_CONVERSION</key>
				<string>YES</string>
				<key>CLANG_WARN_DIRECT_OBJC_ISA_USAGE</key>
				<string>YES_ERROR</string>
				<key>CLANG_WARN_EMPTY_BODY</key>
				<string>YES</string>
				<key>CLANG_WARN_ENUM_CONVERSION</key>
				<string>YES</string>
				<key>CLANG_WARN_INT_CONVERSION</key>
				<string>YES</string>
				<key>CLANG_WARN_OBJC_ROOT_CLASS</key>
				<string>YES_ERROR</string>
				<key>CLANG_WARN_UNREACHABLE_CODE</key>
				<string>YES</string>
				<key>CLANG_WARN__DUPLICATE_METHOD_MATCH</key>
				<string>YES</string>
				<key>CODE_SIGN_IDENTITY[sdk=iphoneos*]</key>
				<string>iPhone Developer</string>
				<key>COPY_PHASE_STRIP</key>
				<string>NO</string>
				<key>DEBUG_INFORMATION_FORMAT</key>
				<string>dwarf-with-dsym</string>
				<key>ENABLE_NS_ASSERTIONS</key>
				<string>NO</string>
				<key>ENABLE_STRICT_OBJC_MSGSEND</key>
				<string>YES</string>
				<key>GCC_C_LANGUAGE_STANDARD</key>
				<string>gnu99</string>
				<key>GCC_NO_COMMON_BLOCKS</key>
				<string>YES</string>
				<key>GCC_WARN_64_TO_32_BIT_CONVERSION</key>
				<string>YES</string>
				<key>GCC_WARN_ABOUT_RETURN_TYPE</key>
				<string>YES_ERROR</string>
				<key>GCC_WARN_UNDECLARED_SELECTOR</key>
				<string>YES</string>
				<key>GCC_WARN_UNINITIALIZED_AUTOS</key>
				<string>YES_AGGRESSIVE</string>
				<key>GCC_WARN_UNUSED_FUNCTION</key>
				<string>YES</string>
				<key>GCC_WARN_UNUSED_VARIABLE</key>
				<string>YES</string>
				<key>IPHONEOS_DEPLOYMENT_TARGET</key>
				<string>9.3</string>
				<key>MTL_ENABLE_DEBUG_INFO</key>
				<string>NO</string>
				<key>SDKROOT</key>
				<string>iphoneos</string>
				<key>TARGETED_DEVICE_FAMILY</key>
				<string>1,2</string>
				<key>VALIDATE_PRODUCT</key>
				<string>YES</string>
			</dict>
			<key>isa</key>
			<string>XCBuildConfiguration</string>
			<key>name</key>
			<string>Release</string>
		</dict>
		<key>5093523F1D15B059003282BB</key>
		<dict>
			<key>buildConfigurations</key>
			<array>
				<string>509352401D15B059003282BB</string>
				<string>509352411D15B059003282BB</string>
			</array>
			<key>defaultConfigurationIsVisible</key>
			<string>0</string>
			<key>defaultConfigurationName</key>
			<string>Release</string>
			<key>isa</key>
			<string>XCConfigurationList</string>
		</dict>
		<key>509352401D15B059003282BB</key>
		<dict>
			<key>baseConfigurationReference</key>
			<string>C207F2FD1FDAB6CADF35DF8E</string>
			<key>buildSettings</key>
			<dict>
				<key>ASSETCATALOG_COMPILER_APPICON_NAME</key>
				<string>AppIcon</string>
				<key>CODE_SIGN_IDENTITY</key>
				<string>iPhone Developer</string>
				<key>FRAMEWORK_SEARCH_PATHS</key>
				<array>
					<string>$(inherited)</string>
					<string>$(PROJECT_DIR)/build/Debug-iphoneos</string>
				</array>
				<key>INFOPLIST_FILE</key>
				<string>GooglePlace/Info.plist</string>
				<key>IPHONEOS_DEPLOYMENT_TARGET</key>
				<string>9.3</string>
				<key>LD_RUNPATH_SEARCH_PATHS</key>
				<string>$(inherited) @executable_path/Frameworks</string>
				<key>PRODUCT_BUNDLE_IDENTIFIER</key>
				<string>com.sidex.GooglePlace</string>
				<key>PRODUCT_NAME</key>
				<string>$(TARGET_NAME)</string>
				<key>SWIFT_VERSION</key>
				<string>2.3</string>
			</dict>
			<key>isa</key>
			<string>XCBuildConfiguration</string>
			<key>name</key>
			<string>Debug</string>
		</dict>
		<key>509352411D15B059003282BB</key>
		<dict>
			<key>baseConfigurationReference</key>
			<string>96820BFE92CD1FEC663AF0B9</string>
			<key>buildSettings</key>
			<dict>
				<key>ASSETCATALOG_COMPILER_APPICON_NAME</key>
				<string>AppIcon</string>
				<key>CODE_SIGN_IDENTITY</key>
				<string>iPhone Developer</string>
				<key>FRAMEWORK_SEARCH_PATHS</key>
				<array>
					<string>$(inherited)</string>
					<string>$(PROJECT_DIR)/build/Debug-iphoneos</string>
				</array>
				<key>INFOPLIST_FILE</key>
				<string>GooglePlace/Info.plist</string>
				<key>IPHONEOS_DEPLOYMENT_TARGET</key>
				<string>9.3</string>
				<key>LD_RUNPATH_SEARCH_PATHS</key>
				<string>$(inherited) @executable_path/Frameworks</string>
				<key>PRODUCT_BUNDLE_IDENTIFIER</key>
				<string>com.sidex.GooglePlace</string>
				<key>PRODUCT_NAME</key>
				<string>$(TARGET_NAME)</string>
				<key>SWIFT_VERSION</key>
				<string>2.3</string>
			</dict>
			<key>isa</key>
			<string>XCBuildConfiguration</string>
			<key>name</key>
			<string>Release</string>
		</dict>
		<key>509352421D15B059003282BB</key>
		<dict>
			<key>buildConfigurations</key>
			<array>
				<string>509352431D15B059003282BB</string>
				<string>509352441D15B059003282BB</string>
			</array>
			<key>defaultConfigurationIsVisible</key>
			<string>0</string>
			<key>defaultConfigurationName</key>
			<string>Release</string>
			<key>isa</key>
			<string>XCConfigurationList</string>
		</dict>
		<key>509352431D15B059003282BB</key>
		<dict>
			<key>baseConfigurationReference</key>
			<string>8B6A122F8EDC4AAF83AD0EF4</string>
			<key>buildSettings</key>
			<dict>
				<key>BUNDLE_LOADER</key>
				<string>$(TEST_HOST)</string>
				<key>INFOPLIST_FILE</key>
				<string>GooglePlaceTests/Info.plist</string>
				<key>LD_RUNPATH_SEARCH_PATHS</key>
				<string>$(inherited) @executable_path/Frameworks @loader_path/Frameworks</string>
				<key>PRODUCT_BUNDLE_IDENTIFIER</key>
				<string>com.sidex.GooglePlaceTests</string>
				<key>PRODUCT_NAME</key>
				<string>$(TARGET_NAME)</string>
				<key>SWIFT_VERSION</key>
				<string>2.3</string>
				<key>TEST_HOST</key>
				<string>$(BUILT_PRODUCTS_DIR)/GooglePlace.app/GooglePlace</string>
			</dict>
			<key>isa</key>
			<string>XCBuildConfiguration</string>
			<key>name</key>
			<string>Debug</string>
		</dict>
		<key>509352441D15B059003282BB</key>
		<dict>
			<key>baseConfigurationReference</key>
			<string>1AE8B37CDE1451FCDA5AB854</string>
			<key>buildSettings</key>
			<dict>
				<key>BUNDLE_LOADER</key>
				<string>$(TEST_HOST)</string>
				<key>INFOPLIST_FILE</key>
				<string>GooglePlaceTests/Info.plist</string>
				<key>LD_RUNPATH_SEARCH_PATHS</key>
				<string>$(inherited) @executable_path/Frameworks @loader_path/Frameworks</string>
				<key>PRODUCT_BUNDLE_IDENTIFIER</key>
				<string>com.sidex.GooglePlaceTests</string>
				<key>PRODUCT_NAME</key>
				<string>$(TARGET_NAME)</string>
				<key>SWIFT_VERSION</key>
				<string>2.3</string>
				<key>TEST_HOST</key>
				<string>$(BUILT_PRODUCTS_DIR)/GooglePlace.app/GooglePlace</string>
			</dict>
			<key>isa</key>
			<string>XCBuildConfiguration</string>
			<key>name</key>
			<string>Release</string>
		</dict>
		<key>509352451D15B059003282BB</key>
		<dict>
			<key>buildConfigurations</key>
			<array>
				<string>509352461D15B059003282BB</string>
				<string>509352471D15B059003282BB</string>
			</array>
			<key>defaultConfigurationIsVisible</key>
			<string>0</string>
			<key>defaultConfigurationName</key>
			<string>Release</string>
			<key>isa</key>
			<string>XCConfigurationList</string>
		</dict>
		<key>509352461D15B059003282BB</key>
		<dict>
			<key>buildSettings</key>
			<dict>
				<key>INFOPLIST_FILE</key>
				<string>GooglePlaceUITests/Info.plist</string>
				<key>LD_RUNPATH_SEARCH_PATHS</key>
				<string>$(inherited) @executable_path/Frameworks @loader_path/Frameworks</string>
				<key>PRODUCT_BUNDLE_IDENTIFIER</key>
				<string>com.sidex.GooglePlaceUITests</string>
				<key>PRODUCT_NAME</key>
				<string>$(TARGET_NAME)</string>
				<key>SWIFT_VERSION</key>
				<string>2.3</string>
				<key>TEST_TARGET_NAME</key>
				<string>GooglePlace</string>
			</dict>
			<key>isa</key>
			<string>XCBuildConfiguration</string>
			<key>name</key>
			<string>Debug</string>
		</dict>
		<key>509352471D15B059003282BB</key>
		<dict>
			<key>buildSettings</key>
			<dict>
				<key>INFOPLIST_FILE</key>
				<string>GooglePlaceUITests/Info.plist</string>
				<key>LD_RUNPATH_SEARCH_PATHS</key>
				<string>$(inherited) @executable_path/Frameworks @loader_path/Frameworks</string>
				<key>PRODUCT_BUNDLE_IDENTIFIER</key>
				<string>com.sidex.GooglePlaceUITests</string>
				<key>PRODUCT_NAME</key>
				<string>$(TARGET_NAME)</string>
				<key>SWIFT_VERSION</key>
				<string>2.3</string>
				<key>TEST_TARGET_NAME</key>
				<string>GooglePlace</string>
			</dict>
			<key>isa</key>
			<string>XCBuildConfiguration</string>
			<key>name</key>
			<string>Release</string>
		</dict>
		<key>50B742601D1638180066C0DE</key>
		<dict>
			<key>fileEncoding</key>
			<string>4</string>
			<key>isa</key>
			<string>PBXFileReference</string>
			<key>lastKnownFileType</key>
			<string>text.plist.xml</string>
			<key>path</key>
			<string>apikeys.plist</string>
			<key>sourceTree</key>
			<string>&lt;group&gt;</string>
		</dict>
		<key>50B742611D1638180066C0DE</key>
		<dict>
			<key>fileRef</key>
			<string>50B742601D1638180066C0DE</string>
			<key>isa</key>
			<string>PBXBuildFile</string>
		</dict>
		<key>50B742621D16386B0066C0DE</key>
		<dict>
			<key>fileEncoding</key>
			<string>4</string>
			<key>isa</key>
			<string>PBXFileReference</string>
			<key>lastKnownFileType</key>
			<string>sourcecode.swift</string>
			<key>path</key>
			<string>ApiKeyManager.swift</string>
			<key>sourceTree</key>
			<string>&lt;group&gt;</string>
		</dict>
		<key>50B742631D16386B0066C0DE</key>
		<dict>
			<key>fileRef</key>
			<string>50B742621D16386B0066C0DE</string>
			<key>isa</key>
			<string>PBXBuildFile</string>
		</dict>
		<key>50B742641D163FCD0066C0DE</key>
		<dict>
			<key>fileEncoding</key>
			<string>4</string>
			<key>isa</key>
			<string>PBXFileReference</string>
			<key>lastKnownFileType</key>
			<string>sourcecode.swift</string>
			<key>path</key>
			<string>ApplicationAssembly.swift</string>
			<key>sourceTree</key>
			<string>&lt;group&gt;</string>
		</dict>
		<key>50B742651D163FCD0066C0DE</key>
		<dict>
			<key>fileRef</key>
			<string>50B742641D163FCD0066C0DE</string>
			<key>isa</key>
			<string>PBXBuildFile</string>
		</dict>
		<key>5730B0C4062B07EF4BD45205</key>
		<dict>
			<key>children</key>
			<array>
				<string>C207F2FD1FDAB6CADF35DF8E</string>
				<string>96820BFE92CD1FEC663AF0B9</string>
				<string>8B6A122F8EDC4AAF83AD0EF4</string>
				<string>1AE8B37CDE1451FCDA5AB854</string>
			</array>
			<key>isa</key>
			<string>PBXGroup</string>
			<key>name</key>
			<string>Pods</string>
			<key>sourceTree</key>
			<string>&lt;group&gt;</string>
		</dict>
		<key>578CF5AFACD99C7E84DE199D</key>
		<dict>
			<key>buildActionMask</key>
			<string>2147483647</string>
			<key>files</key>
			<array/>
			<key>inputPaths</key>
			<array/>
			<key>isa</key>
			<string>PBXShellScriptBuildPhase</string>
			<key>name</key>
			<string>[CP] Copy Pods Resources</string>
			<key>outputPaths</key>
			<array/>
			<key>runOnlyForDeploymentPostprocessing</key>
			<string>0</string>
			<key>shellPath</key>
			<string>/bin/sh</string>
			<key>shellScript</key>
			<string>"${SRCROOT}/Pods/Target Support Files/Pods-GooglePlace/Pods-GooglePlace-resources.sh"
</string>
			<key>showEnvVarsInLog</key>
			<string>0</string>
		</dict>
		<key>580411B93E6155A3D2902238</key>
		<dict>
			<key>buildActionMask</key>
			<string>2147483647</string>
			<key>files</key>
			<array/>
			<key>inputPaths</key>
			<array/>
			<key>isa</key>
			<string>PBXShellScriptBuildPhase</string>
			<key>name</key>
			<string>[CP] Check Pods Manifest.lock</string>
			<key>outputPaths</key>
			<array/>
			<key>runOnlyForDeploymentPostprocessing</key>
			<string>0</string>
			<key>shellPath</key>
			<string>/bin/sh</string>
			<key>shellScript</key>
			<string>diff "${PODS_ROOT}/../Podfile.lock" "${PODS_ROOT}/Manifest.lock" &gt; /dev/null
if [[ $? != 0 ]] ; then
    cat &lt;&lt; EOM
error: The sandbox is not in sync with the Podfile.lock. Run 'pod install' or update your CocoaPods installation.
EOM
    exit 1
fi
</string>
			<key>showEnvVarsInLog</key>
			<string>0</string>
		</dict>
		<key>655C6BC6DBF58BF7D023A0F0</key>
		<dict>
			<key>buildActionMask</key>
			<string>2147483647</string>
			<key>files</key>
			<array/>
			<key>inputPaths</key>
			<array/>
			<key>isa</key>
			<string>PBXShellScriptBuildPhase</string>
			<key>name</key>
			<string>[CP] Embed Pods Frameworks</string>
			<key>outputPaths</key>
			<array/>
			<key>runOnlyForDeploymentPostprocessing</key>
			<string>0</string>
			<key>shellPath</key>
			<string>/bin/sh</string>
			<key>shellScript</key>
			<string>"${SRCROOT}/Pods/Target Support Files/Pods-GooglePlaceTests/Pods-GooglePlaceTests-frameworks.sh"
</string>
			<key>showEnvVarsInLog</key>
			<string>0</string>
		</dict>
		<key>673599671F7746A725E89ED9</key>
		<dict>
			<key>explicitFileType</key>
			<string>wrapper.framework</string>
			<key>includeInIndex</key>
			<string>0</string>
			<key>isa</key>
			<string>PBXFileReference</string>
			<key>path</key>
			<string>Pods_GooglePlace.framework</string>
			<key>sourceTree</key>
			<string>BUILT_PRODUCTS_DIR</string>
		</dict>
		<key>6C60A1FAAA64E586642E356B</key>
		<dict>
			<key>fileRef</key>
			<string>673599671F7746A725E89ED9</string>
			<key>isa</key>
			<string>PBXBuildFile</string>
		</dict>
		<key>8327BDDB9844D81C79C8110F</key>
		<dict>
			<key>buildActionMask</key>
			<string>2147483647</string>
			<key>files</key>
			<array/>
			<key>inputPaths</key>
			<array/>
			<key>isa</key>
			<string>PBXShellScriptBuildPhase</string>
			<key>name</key>
			<string>[CP] Embed Pods Frameworks</string>
			<key>outputPaths</key>
			<array/>
			<key>runOnlyForDeploymentPostprocessing</key>
			<string>0</string>
			<key>shellPath</key>
			<string>/bin/sh</string>
			<key>shellScript</key>
			<string>"${SRCROOT}/Pods/Target Support Files/Pods-GooglePlace/Pods-GooglePlace-frameworks.sh"
</string>
			<key>showEnvVarsInLog</key>
			<string>0</string>
		</dict>
		<key>8B6A122F8EDC4AAF83AD0EF4</key>
		<dict>
			<key>includeInIndex</key>
			<string>1</string>
			<key>isa</key>
			<string>PBXFileReference</string>
			<key>lastKnownFileType</key>
			<string>text.xcconfig</string>
			<key>name</key>
			<string>Pods-GooglePlaceTests.debug.xcconfig</string>
			<key>path</key>
			<string>Pods/Target Support Files/Pods-GooglePlaceTests/Pods-GooglePlaceTests.debug.xcconfig</string>
			<key>sourceTree</key>
			<string>&lt;group&gt;</string>
		</dict>
		<key>96820BFE92CD1FEC663AF0B9</key>
		<dict>
			<key>includeInIndex</key>
			<string>1</string>
			<key>isa</key>
			<string>PBXFileReference</string>
			<key>lastKnownFileType</key>
			<string>text.xcconfig</string>
			<key>name</key>
			<string>Pods-GooglePlace.release.xcconfig</string>
			<key>path</key>
			<string>Pods/Target Support Files/Pods-GooglePlace/Pods-GooglePlace.release.xcconfig</string>
			<key>sourceTree</key>
			<string>&lt;group&gt;</string>
		</dict>
		<key>A5A0B9F744501EC3F93B1F7A</key>
		<dict>
			<key>children</key>
			<array>
				<string>5051759C1D89CF7F00D05FCD</string>
				<string>505710161D89CF19000DD508</string>
				<string>505710141D89CF13000DD508</string>
				<string>00FD3A9D79D40864FC828263</string>
				<string>673599671F7746A725E89ED9</string>
				<string>EAFD06322A9F14858F8CE180</string>
			</array>
			<key>isa</key>
			<string>PBXGroup</string>
			<key>name</key>
			<string>Frameworks</string>
			<key>sourceTree</key>
			<string>&lt;group&gt;</string>
		</dict>
		<key>C207F2FD1FDAB6CADF35DF8E</key>
		<dict>
			<key>includeInIndex</key>
			<string>1</string>
			<key>isa</key>
			<string>PBXFileReference</string>
			<key>lastKnownFileType</key>
			<string>text.xcconfig</string>
			<key>name</key>
			<string>Pods-GooglePlace.debug.xcconfig</string>
			<key>path</key>
			<string>Pods/Target Support Files/Pods-GooglePlace/Pods-GooglePlace.debug.xcconfig</string>
			<key>sourceTree</key>
			<string>&lt;group&gt;</string>
		</dict>
		<key>E0AD44EEAE2439CEEC525835</key>
		<dict>
			<key>fileRef</key>
			<string>EAFD06322A9F14858F8CE180</string>
			<key>isa</key>
			<string>PBXBuildFile</string>
		</dict>
		<key>EAFD06322A9F14858F8CE180</key>
		<dict>
			<key>explicitFileType</key>
			<string>wrapper.framework</string>
			<key>includeInIndex</key>
			<string>0</string>
			<key>isa</key>
			<string>PBXFileReference</string>
			<key>path</key>
			<string>Pods_GooglePlaceTests.framework</string>
			<key>sourceTree</key>
			<string>BUILT_PRODUCTS_DIR</string>
		</dict>
		<key>FB87A0474A0B6FB7D751C013</key>
		<dict>
			<key>buildActionMask</key>
			<string>2147483647</string>
			<key>files</key>
			<array/>
			<key>inputPaths</key>
			<array/>
			<key>isa</key>
			<string>PBXShellScriptBuildPhase</string>
			<key>name</key>
			<string>[CP] Copy Pods Resources</string>
			<key>outputPaths</key>
			<array/>
			<key>runOnlyForDeploymentPostprocessing</key>
			<string>0</string>
			<key>shellPath</key>
			<string>/bin/sh</string>
			<key>shellScript</key>
			<string>"${SRCROOT}/Pods/Target Support Files/Pods-GooglePlaceTests/Pods-GooglePlaceTests-resources.sh"
</string>
			<key>showEnvVarsInLog</key>
			<string>0</string>
		</dict>
	</dict>
	<key>rootObject</key>
	<string>5093520F1D15B059003282BB</string>
</dict>
</plist>
